dependencies:
- name: redis
  repository: https://charts.bitnami.com/bitnami
  version: 17.3.9
- name: postgresql
  repository: https://charts.bitnami.com/bitnami
  version: 12.1.2
- name: common
  repository: https://charts.bitnami.com/bitnami
  version: 2.1.2
digest: sha256:c71872a5b7c0c8075babaa64065201af98e0bec0bbb86556bb9b41fce6263e3b
generated: "2022-11-11T13:56:30.961741-05:00"
